
Microsoft Visual Studio Solution File, Format Version 12.00
# Visual Studio Version 17
VisualStudioVersion = 17.6.33829.357
MinimumVisualStudioVersion = 10.0.40219.1
Project("{FAE04EC0-301F-11D3-BF4B-00C04F79EFBC}") = "Maabada1", "Maabada1\Maabada1.csproj", "{8E565B8A-54F4-4FE4-93DB-909019411275}"
EndProject
Global
	GlobalSection(SolutionConfigurationPlatforms) = preSolution
		Debug|Any CPU = Debug|Any CPU
		Release|Any CPU = Release|Any CPU
	EndGlobalSection
	GlobalSection(ProjectConfigurationPlatforms) = postSolution
		{8E565B8A-54F4-4FE4-93DB-909019411275}.Debug|Any CPU.ActiveCfg = Debug|Any CPU
		{8E565B8A-54F4-4FE4-93DB-909019411275}.Debug|Any CPU.Build.0 = Debug|Any CPU
		{8E565B8A-54F4-4FE4-93DB-909019411275}.Release|Any CPU.ActiveCfg = Release|Any CPU
		{8E565B8A-54F4-4FE4-93DB-909019411275}.Release|Any CPU.Build.0 = Release|Any CPU
	EndGlobalSection
	GlobalSection(SolutionProperties) = preSolution
		HideSolutionNode = FALSE
	EndGlobalSection
	GlobalSection(ExtensibilityGlobals) = postSolution
		SolutionGuid = {88F9323B-AB49-4245-8330-B1289CD047F4}
	EndGlobalSection
EndGlobal
